{
  "name": "example-worker-node",
  "version": "0.1.0",
  "lockfileVersion": 3,
  "requires": true,
  "packages": {
    "": {
      "name": "example-worker-node",
      "version": "0.1.0",
      "dependencies": {
        "@lightapr/sdk": "file:../../sdk/nodejs"
      }
    },
    "../../sdk/nodejs": {
      "name": "@lightapr/sdk",
      "version": "0.1.0",
      "license": "MIT",
      "dependencies": {
        "mqtt": "^5.10.0"
      }
    },
    "node_modules/@lightapr/sdk": {
      "resolved": "../../sdk/nodejs",
      "link": true
    }
  }
}
